// !$*UTF8*$!
{
	archiveVersion = 1;
	classes = {
	};
	objectVersion = 55;
	objects = {

/* Begin PBXBuildFile section */
		260D6CBC275AE1D900ECF9A5 /* Comments.swift in Sources */ = {isa = PBXBuildFile; fileRef = 260D6CBB275AE1D900ECF9A5 /* Comments.swift */; };
		260D6CBE275AE27D00ECF9A5 /* CommentCell.swift in Sources */ = {isa = PBXBuildFile; fileRef = 260D6CBD275AE27D00ECF9A5 /* CommentCell.swift */; };
		260D6CC0275AE28C00ECF9A5 /* CommentsViewController.swift in Sources */ = {isa = PBXBuildFile; fileRef = 260D6CBF275AE28C00ECF9A5 /* CommentsViewController.swift */; };
		264B8E63275ADB38001F04C3 /* AppDelegate.swift in Sources */ = {isa = PBXBuildFile; fileRef = 264B8E62275ADB38001F04C3 /* AppDelegate.swift */; };
		264B8E65275ADB38001F04C3 /* SceneDelegate.swift in Sources */ = {isa = PBXBuildFile; fileRef = 264B8E64275ADB38001F04C3 /* SceneDelegate.swift */; };
		264B8E67275ADB38001F04C3 /* IssuesViewController.swift in Sources */ = {isa = PBXBuildFile; fileRef = 264B8E66275ADB38001F04C3 /* IssuesViewController.swift */; };
		264B8E6A275ADB38001F04C3 /* Main.storyboard in Resources */ = {isa = PBXBuildFile; fileRef = 264B8E68275ADB38001F04C3 /* Main.storyboard */; };
		264B8E6C275ADB39001F04C3 /* Assets.xcassets in Resources */ = {isa = PBXBuildFile; fileRef = 264B8E6B275ADB39001F04C3 /* Assets.xcassets */; };
		264B8E6F275ADB39001F04C3 /* LaunchScreen.storyboard in Resources */ = {isa = PBXBuildFile; fileRef = 264B8E6D275ADB39001F04C3 /* LaunchScreen.storyboard */; };
		264B8E77275ADB87001F04C3 /* Issues.swift in Sources */ = {isa = PBXBuildFile; fileRef = 264B8E76275ADB87001F04C3 /* Issues.swift */; };
/* End PBXBuildFile section */

/* Begin PBXFileReference section */
		260D6CBB275AE1D900ECF9A5 /* Comments.swift */ = {isa = PBXFileReference; lastKnownFileType = sourcecode.swift; path = Comments.swift; sourceTree = "<group>"; };
		260D6CBD275AE27D00ECF9A5 /* CommentCell.swift */ = {isa = PBXFileReference; lastKnownFileType = sourcecode.swift; path = CommentCell.swift; sourceTree = "<group>"; };
		260D6CBF275AE28C00ECF9A5 /* CommentsViewController.swift */ = {isa = PBXFileReference; lastKnownFileType = sourcecode.swift; path = CommentsViewController.swift; sourceTree = "<group>"; };
		264B8E5F275ADB38001F04C3 /* GitIssues.app */ = {isa = PBXFileReference; explicitFileType = wrapper.application; includeInIndex = 0; path = GitIssues.app; sourceTree = BUILT_PRODUCTS_DIR; };
		264B8E62275ADB38001F04C3 /* AppDelegate.swift */ = {isa = PBXFileReference; lastKnownFileType = sourcecode.swift; path = AppDelegate.swift; sourceTree = "<group>"; };
		264B8E64275ADB38001F04C3 /* SceneDelegate.swift */ = {isa = PBXFileReference; lastKnownFileType = sourcecode.swift; path = SceneDelegate.swift; sourceTree = "<group>"; };
		264B8E66275ADB38001F04C3 /* IssuesViewController.swift */ = {isa = PBXFileReference; lastKnownFileType = sourcecode.swift; path = IssuesViewController.swift; sourceTree = "<group>"; };
		264B8E69275ADB38001F04C3 /* Base */ = {isa = PBXFileReference; lastKnownFileType = file.storyboard; name = Base; path = Base.lproj/Main.storyboard; sourceTree = "<group>"; };
		264B8E6B275ADB39001F04C3 /* Assets.xcassets */ = {isa = PBXFileReference; lastKnownFileType = folder.assetcatalog; path = Assets.xcassets; sourceTree = "<group>"; };
		264B8E6E275ADB39001F04C3 /* Base */ = {isa = PBXFileReference; lastKnownFileType = file.storyboard; name = Base; path = Base.lproj/LaunchScreen.storyboard; sourceTree = "<group>"; };
		264B8E70275ADB39001F04C3 /* Info.plist */ = {isa = PBXFileReference; lastKnownFileType = text.plist.xml; path = Info.plist; sourceTree = "<group>"; };
		264B8E76275ADB87001F04C3 /* Issues.swift */ = {isa = PBXFileReference; lastKnownFileType = sourcecode.swift; path = Issues.swift; sourceTree = "<group>"; };
/* End PBXFileReference section */

/* Begin PBXFrameworksBuildPhase section */
		264B8E5C275ADB38001F04C3 /* Frameworks */ = {
			isa = PBXFrameworksBuildPhase;
			buildActionMask = 2147483647;
			files = (
			);
			runOnlyForDeploymentPostprocessing = 0;
		};
/* End PBXFrameworksBuildPhase section */

/* Begin PBXGroup section */
		264B8E56275ADB38001F04C3 = {
			isa = PBXGroup;
			children = (
				264B8E61275ADB38001F04C3 /* GitIssues */,
				264B8E60275ADB38001F04C3 /* Products */,
			);
			sourceTree = "<group>";
		};
		264B8E60275ADB38001F04C3 /* Products */ = {
			isa = PBXGroup;
			children = (
				264B8E5F275ADB38001F04C3 /* GitIssues.app */,
			);
			name = Products;
			sourceTree = "<group>";
		};
		264B8E61275ADB38001F04C3 /* GitIssues */ = {
			isa = PBXGroup;
			children = (
				264B8E62275ADB38001F04C3 /* AppDelegate.swift */,
				264B8E64275ADB38001F04C3 /* SceneDelegate.swift */,
				264B8E66275ADB38001F04C3 /* IssuesViewController.swift */,
				264B8E68275ADB38001F04C3 /* Main.storyboard */,
				264B8E6B275ADB39001F04C3 /* Assets.xcassets */,
				264B8E6D275ADB39001F04C3 /* LaunchScreen.storyboard */,
				264B8E70275ADB39001F04C3 /* Info.plist */,
				264B8E76275ADB87001F04C3 /* Issues.swift */,
				260D6CBB275AE1D900ECF9A5 /* Comments.swift */,
				260D6CBD275AE27D00ECF9A5 /* CommentCell.swift */,
				260D6CBF275AE28C00ECF9A5 /* CommentsViewController.swift */,
			);
			path = GitIssues;
			sourceTree = "<group>";
		};
/* End PBXGroup section */

/* Begin PBXNativeTarget section */
		264B8E5E275ADB38001F04C3 /* GitIssues */ = {
			isa = PBXNativeTarget;
			buildConfigurationList = 264B8E73275ADB39001F04C3 /* Build configuration list for PBXNativeTarget "GitIssues" */;
			buildPhases = (
				264B8E5B275ADB38001F04C3 /* Sources */,
				264B8E5C275ADB38001F04C3 /* Frameworks */,
				264B8E5D275ADB38001F04C3 /* Resources */,
			);
			buildRules = (
			);
			dependencies = (
			);
			name = GitIssues;
			productName = GitIssues;
			productReference = 264B8E5F275ADB38001F04C3 /* GitIssues.app */;
			productType = "com.apple.product-type.application";
		};
/* End PBXNativeTarget section */

/* Begin PBXProject section */
		264B8E57275ADB38001F04C3 /* Project object */ = {
			isa = PBXProject;
			attributes = {
				BuildIndependentTargetsInParallel = 1;
				LastSwiftUpdateCheck = 1310;
				LastUpgradeCheck = 1310;
				TargetAttributes = {
					264B8E5E275ADB38001F04C3 = {
						CreatedOnToolsVersion = 13.1;
					};
				};
			};
			buildConfigurationList = 264B8E5A275ADB38001F04C3 /* Build configuration list for PBXProject "GitIssues" */;
			compatibilityVersion = "Xcode 13.0";
			developmentRegion = en;
			hasScannedForEncodings = 0;
			knownRegions = (
				en,
				Base,
			);
			mainGroup = 264B8E56275ADB38001F04C3;
			productRefGroup = 264B8E60275ADB38001F04C3 /* Products */;
			projectDirPath = "";
			projectRoot = "";
			targets = (
				264B8E5E275ADB38001F04C3 /* GitIssues */,
			);
		};
/* End PBXProject section */

/* Begin PBXResourcesBuildPhase section */
		264B8E5D275ADB38001F04C3 /* Resources */ = {
			isa = PBXResourcesBuildPhase;
			buildActionMask = 2147483647;
			files = (
				264B8E6F275ADB39001F04C3 /* LaunchScreen.storyboard in Resources */,
				264B8E6C275ADB39001F04C3 /* Assets.xcassets in Resources */,
				264B8E6A275ADB38001F04C3 /* Main.storyboard in Resources */,
			);
			runOnlyForDeploymentPostprocessing = 0;
		};
/* End PBXResourcesBuildPhase section */

/* Begin PBXSourcesBuildPhase section */
		264B8E5B275ADB38001F04C3 /* Sources */ = {
			isa = PBXSourcesBuildPhase;
			buildActionMask = 2147483647;
			files = (
				264B8E67275ADB38001F04C3 /* IssuesViewController.swift in Sources */,
				260D6CBC275AE1D900ECF9A5 /* Comments.swift in Sources */,
				260D6CC0275AE28C00ECF9A5 /* CommentsViewController.swift in Sources */,
				264B8E63275ADB38001F04C3 /* AppDelegate.swift in Sources */,
				264B8E65275ADB38001F04C3 /* SceneDelegate.swift in Sources */,
				264B8E77275ADB87001F04C3 /* Issues.swift in Sources */,
				260D6CBE275AE27D00ECF9A5 /* CommentCell.swift in Sources */,
			);
			runOnlyForDeploymentPostprocessing = 0;
		};
/* End PBXSourcesBuildPhase section */

/* Begin PBXVariantGroup section */
		264B8E68275ADB38001F04C3 /* Main.storyboard */ = {
			isa = PBXVariantGroup;
			children = (
				264B8E69275ADB38001F04C3 /* Base */,
			);
			name = Main.storyboard;
			sourceTree = "<group>";
		};
		264B8E6D275ADB39001F04C3 /* LaunchScreen.storyboard */ = {
			isa = PBXVariantGroup;
			children = (
				264B8E6E275ADB39001F04C3 /* Base */,
			);
			name = LaunchScreen.storyboard;
			sourceTree = "<group>";
		};
/* End PBXVariantGroup section */

/* Begin XCBuildConfiguration section */
		264B8E71275ADB39001F04C3 /* Debug */ = {
			isa = XCBuildConfiguration;
			buildSettings = {
				ALWAYS_SEARCH_USER_PATHS = NO;
				CLANG_ANALYZER_NONNULL = YES;
				CLANG_ANALYZER_NUMBER_OBJECT_CONVERSION = YES_AGGRESSIVE;
				CLANG_CXX_LANGUAGE_STANDARD = "gnu++17";
				CLANG_CXX_LIBRARY = "libc++";
				CLANG_ENABLE_MODULES = YES;
				CLANG_ENABLE_OBJC_ARC = YES;
				CLANG_ENABLE_OBJC_WEAK = YES;
				CLANG_WARN_BLOCK_CAPTURE_AUTORELEASING = YES;
				CLANG_WARN_BOOL_CONVERSION = YES;
				CLANG_WARN_COMMA = YES;
				CLANG_WARN_CONSTANT_CONVERSION = YES;
				CLANG_WARN_DEPRECATED_OBJC_IMPLEMENTATIONS = YES;
				CLANG_WARN_DIRECT_OBJC_ISA_USAGE = YES_ERROR;
				CLANG_WARN_DOCUMENTATION_COMMENTS = YES;
				CLANG_WARN_EMPTY_BODY = YES;
				CLANG_WARN_ENUM_CONVERSION = YES;
				CLANG_WARN_INFINITE_RECURSION = YES;
				CLANG_WARN_INT_CONVERSION = YES;
				CLANG_WARN_NON_LITERAL_NULL_CONVERSION = YES;
				CLANG_WARN_OBJC_IMPLICIT_RETAIN_SELF = YES;
				CLANG_WARN_OBJC_LITERAL_CONVERSION = YES;
				CLANG_WARN_OBJC_ROOT_CLASS = YES_ERROR;
				CLANG_WARN_QUOTED_INCLUDE_IN_FRAMEWORK_HEADER = YES;
				CLANG_WARN_RANGE_LOOP_ANALYSIS = YES;
				CLANG_WARN_STRICT_PROTOTYPES = YES;
				CLANG_WARN_SUSPICIOUS_MOVE = YES;
				CLANG_WARN_UNGUARDED_AVAILABILITY = YES_AGGRESSIVE;
				CLANG_WARN_UNREACHABLE_CODE = YES;
				CLANG_WARN__DUPLICATE_METHOD_MATCH = YES;
				COPY_PHASE_STRIP = NO;
				DEBUG_INFORMATION_FORMAT = dwarf;
				ENABLE_STRICT_OBJC_MSGSEND = YES;
				ENABLE_TESTABILITY = YES;
				GCC_C_LANGUAGE_STANDARD = gnu11;
				GCC_DYNAMIC_NO_PIC = NO;
				GCC_NO_COMMON_BLOCKS = YES;
				GCC_OPTIMIZATION_LEVEL = 0;
				GCC_PREPROCESSOR_DEFINITIONS = (
					"DEBUG=1",
					"$(inherited)",
				);
				GCC_WARN_64_TO_32_BIT_CONVERSION = YES;
				GCC_WARN_ABOUT_RETURN_TYPE = YES_ERROR;
				GCC_WARN_UNDECLARED_SELECTOR = YES;
				GCC_WARN_UNINITIALIZED_AUTOS = YES_AGGRESSIVE;
				GCC_WARN_UNUSED_FUNCTION = YES;
				GCC_WARN_UNUSED_VARIABLE = YES;
				IPHONEOS_DEPLOYMENT_TARGET = 15.0;
				MTL_ENABLE_DEBUG_INFO = INCLUDE_SOURCE;
				MTL_FAST_MATH = YES;
				ONLY_ACTIVE_ARCH = YES;
				SDKROOT = iphoneos;
				SWIFT_ACTIVE_COMPILATION_CONDITIONS = DEBUG;
				SWIFT_OPTIMIZATION_LEVEL = "-Onone";
			};
			name = Debug;
		};
		264B8E72275ADB39001F04C3 /* Release */ = {
			isa = XCBuildConfiguration;
			buildSettings = {
				ALWAYS_SEARCH_USER_PATHS = NO;
				CLANG_ANALYZER_NONNULL = YES;
				CLANG_ANALYZER_NUMBER_OBJECT_CONVERSION = YES_AGGRESSIVE;
				CLANG_CXX_LANGUAGE_STANDARD = "gnu++17";
				CLANG_CXX_LIBRARY = "libc++";
				CLANG_ENABLE_MODULES = YES;
				CLANG_ENABLE_OBJC_ARC = YES;
				CLANG_ENABLE_OBJC_WEAK = YES;
				CLANG_WARN_BLOCK_CAPTURE_AUTORELEASING = YES;
				CLANG_WARN_BOOL_CONVERSION = YES;
				CLANG_WARN_COMMA = YES;
				CLANG_WARN_CONSTANT_CONVERSION = YES;
				CLANG_WARN_DEPRECATED_OBJC_IMPLEMENTATIONS = YES;
				CLANG_WARN_DIRECT_OBJC_ISA_USAGE = YES_ERROR;
				CLANG_WARN_DOCUMENTATION_COMMENTS = YES;
				CLANG_WARN_EMPTY_BODY = YES;
				CLANG_WARN_ENUM_CONVERSION = YES;
				CLANG_WARN_INFINITE_RECURSION = YES;
				CLANG_WARN_INT_CONVERSION = YES;
				CLANG_WARN_NON_LITERAL_NULL_CONVERSION = YES;
				CLANG_WARN_OBJC_IMPLICIT_RETAIN_SELF = YES;
				CLANG_WARN_OBJC_LITERAL_CONVERSION = YES;
				CLANG_WARN_OBJC_ROOT_CLASS = YES_ERROR;
				CLANG_WARN_QUOTED_INCLUDE_IN_FRAMEWORK_HEADER = YES;
				CLANG_WARN_RANGE_LOOP_ANALYSIS = YES;
				CLANG_WARN_STRICT_PROTOTYPES = YES;
				CLANG_WARN_SUSPICIOUS_MOVE = YES;
				CLANG_WARN_UNGUARDED_AVAILABILITY = YES_AGGRESSIVE;
				CLANG_WARN_UNREACHABLE_CODE = YES;
				CLANG_WARN__DUPLICATE_METHOD_MATCH = YES;
				COPY_PHASE_STRIP = NO;
				DEBUG_INFORMATION_FORMAT = "dwarf-with-dsym";
				ENABLE_NS_ASSERTIONS = NO;
				ENABLE_STRICT_OBJC_MSGSEND = YES;
				GCC_C_LANGUAGE_STANDARD = gnu11;
				GCC_NO_COMMON_BLOCKS = YES;
				GCC_WARN_64_TO_32_BIT_CONVERSION = YES;
				GCC_WARN_ABOUT_RETURN_TYPE = YES_ERROR;
				GCC_WARN_UNDECLARED_SELECTOR = YES;
				GCC_WARN_UNINITIALIZED_AUTOS = YES_AGGRESSIVE;
				GCC_WARN_UNUSED_FUNCTION = YES;
				GCC_WARN_UNUSED_VARIABLE = YES;
				IPHONEOS_DEPLOYMENT_TARGET = 15.0;
				MTL_ENABLE_DEBUG_INFO = NO;
				MTL_FAST_MATH = YES;
				SDKROOT = iphoneos;
				SWIFT_COMPILATION_MODE = wholemodule;
				SWIFT_OPTIMIZATION_LEVEL = "-O";
				VALIDATE_PRODUCT = YES;
			};
			name = Release;
		};
		264B8E74275ADB39001F04C3 /* Debug */ = {
			isa = XCBuildConfiguration;
			buildSettings = {
				ASSETCATALOG_COMPILER_APPICON_NAME = AppIcon;
				ASSETCATALOG_COMPILER_GLOBAL_ACCENT_COLOR_NAME = AccentColor;
				CODE_SIGN_STYLE = Automatic;
				CURRENT_PROJECT_VERSION = 1;
				DEVELOPMENT_TEAM = SDRKXFSGFJ;
				GENERATE_INFOPLIST_FILE = YES;
				INFOPLIST_FILE = GitIssues/Info.plist;
				INFOPLIST_KEY_UIApplicationSupportsIndirectInputEvents = YES;
				INFOPLIST_KEY_UILaunchStoryboardName = LaunchScreen;
				INFOPLIST_KEY_UIMainStoryboardFile = Main;
				INFOPLIST_KEY_UISupportedInterfaceOrientations_iPad = "UIInterfaceOrientationPortrait UIInterfaceOrientationPortraitUpsideDown UIInterfaceOrientationLandscapeLeft UIInterfaceOrientationLandscapeRight";
				INFOPLIST_KEY_UISupportedInterfaceOrientations_iPhone = "UIInterfaceOrientationPortrait UIInterfaceOrientationLandscapeLeft UIInterfaceOrientationLandscapeRight";
				LD_RUNPATH_SEARCH_PATHS = (
					"$(inherited)",
					"@executable_path/Frameworks",
				);
				MARKETING_VERSION = 1.0;
				PRODUCT_BUNDLE_IDENTIFIER = com.johnpenning.GitIssues;
				PRODUCT_NAME = "$(TARGET_NAME)";
				SWIFT_EMIT_LOC_STRINGS = YES;
				SWIFT_VERSION = 5.0;
				TARGETED_DEVICE_FAMILY = "1,2";
			};
			name = Debug;
		};
		264B8E75275ADB39001F04C3 /* Release */ = {
			isa = XCBuildConfiguration;
			buildSettings = {
				ASSETCATALOG_COMPILER_APPICON_NAME = AppIcon;
				ASSETCATALOG_COMPILER_GLOBAL_ACCENT_COLOR_NAME = AccentColor;
				CODE_SIGN_STYLE = Automatic;
				CURRENT_PROJECT_VERSION = 1;
				DEVELOPMENT_TEAM = SDRKXFSGFJ;
				GENERATE_INFOPLIST_FILE = YES;
				INFOPLIST_FILE = GitIssues/Info.plist;
				INFOPLIST_KEY_UIApplicationSupportsIndirectInputEvents = YES;
				INFOPLIST_KEY_UILaunchStoryboardName = LaunchScreen;
				INFOPLIST_KEY_UIMainStoryboardFile = Main;
				INFOPLIST_KEY_UISupportedInterfaceOrientations_iPad = "UIInterfaceOrientationPortrait UIInterfaceOrientationPortraitUpsideDown UIInterfaceOrientationLandscapeLeft UIInterfaceOrientationLandscapeRight";
				INFOPLIST_KEY_UISupportedInterfaceOrientations_iPhone = "UIInterfaceOrientationPortrait UIInterfaceOrientationLandscapeLeft UIInterfaceOrientationLandscapeRight";
				LD_RUNPATH_SEARCH_PATHS = (
					"$(inherited)",
					"@executable_path/Frameworks",
				);
				MARKETING_VERSION = 1.0;
				PRODUCT_BUNDLE_IDENTIFIER = com.johnpenning.GitIssues;
				PRODUCT_NAME = "$(TARGET_NAME)";
				SWIFT_EMIT_LOC_STRINGS = YES;
				SWIFT_VERSION = 5.0;
				TARGETED_DEVICE_FAMILY = "1,2";
			};
			name = Release;
		};
/* End XCBuildConfiguration section */

/* Begin XCConfigurationList section */
		264B8E5A275ADB38001F04C3 /* Build configuration list for PBXProject "GitIssues" */ = {
			isa = XCConfigurationList;
			buildConfigurations = (
				264B8E71275ADB39001F04C3 /* Debug */,
				264B8E72275ADB39001F04C3 /* Release */,
			);
			defaultConfigurationIsVisible = 0;
			defaultConfigurationName = Release;
		};
		264B8E73275ADB39001F04C3 /* Build configuration list for PBXNativeTarget "GitIssues" */ = {
			isa = XCConfigurationList;
			buildConfigurations = (
				264B8E74275ADB39001F04C3 /* Debug */,
				264B8E75275ADB39001F04C3 /* Release */,
			);
			defaultConfigurationIsVisible = 0;
			defaultConfigurationName = Release;
		};
/* End XCConfigurationList section */
	};
	rootObject = 264B8E57275ADB38001F04C3 /* Project object */;
}
